// !$*UTF8*$!
{
	archiveVersion = 1;
	classes = {
	};
	objectVersion = 46;
	objects = {

/* Begin PBXAggregateTarget section */
		3FE9201116A9111000D1238A /* libmalloc */ = {
			isa = PBXAggregateTarget;
			buildConfigurationList = 3FE9201216A9111000D1238A /* Build configuration list for PBXAggregateTarget "libmalloc" */;
			buildPhases = (
				3FC1927C16DD946500315C26 /* Install Man Pages */,
				3FE9201D16A9143E00D1238A /* Sanitise Headers (rdar://problem/10241868) */,
			);
			dependencies = (
				3FE9201816A9111600D1238A /* PBXTargetDependency */,
				3FE9201616A9111400D1238A /* PBXTargetDependency */,
			);
			name = libmalloc;
			productName = libmalloc;
		};
/* End PBXAggregateTarget section */

/* Begin PBXBuildFile section */
		3F5732E116A9478E00EC61B4 /* stack_logging.h in Headers */ = {isa = PBXBuildFile; fileRef = 3F5732E016A9478E00EC61B4 /* stack_logging.h */; settings = {ATTRIBUTES = (Private, ); }; };
		3FE91FED16A90B9200D1238A /* bitarray.c in Sources */ = {isa = PBXBuildFile; fileRef = 3FE91FD116A90A8D00D1238A /* bitarray.c */; };
		3FE91FEE16A90B9200D1238A /* bitarray.h in Headers */ = {isa = PBXBuildFile; fileRef = 3FE91FD216A90A8D00D1238A /* bitarray.h */; };
		3FE91FF016A90B9200D1238A /* magazine_malloc.c in Sources */ = {isa = PBXBuildFile; fileRef = 3FE91FD616A90A8D00D1238A /* magazine_malloc.c */; };
		3FE91FF116A90B9200D1238A /* magmallocProvider.d in Sources */ = {isa = PBXBuildFile; fileRef = 3FE91FD716A90A8D00D1238A /* magmallocProvider.d */; };
		3FE91FF216A90B9200D1238A /* malloc.c in Sources */ = {isa = PBXBuildFile; fileRef = 3FE91FD816A90A8D00D1238A /* malloc.c */; };
		3FE91FF316A90B9200D1238A /* malloc_printf.h in Headers */ = {isa = PBXBuildFile; fileRef = 3FE91FD916A90A8D00D1238A /* malloc_printf.h */; };
		3FE91FF416A90B9200D1238A /* nano_malloc.c in Sources */ = {isa = PBXBuildFile; fileRef = 3FE91FDA16A90A8D00D1238A /* nano_malloc.c */; };
		3FE91FF516A90B9200D1238A /* stack_logging.c in Sources */ = {isa = PBXBuildFile; fileRef = 3FE91FDB16A90A8D00D1238A /* stack_logging.c */; };
		3FE91FF616A90B9200D1238A /* stack_logging_disk.c in Sources */ = {isa = PBXBuildFile; fileRef = 3FE91FDC16A90A8D00D1238A /* stack_logging_disk.c */; };
		3FE91FFA16A90BEF00D1238A /* malloc.h in Headers */ = {isa = PBXBuildFile; fileRef = 3FE91FF916A90BEF00D1238A /* malloc.h */; settings = {ATTRIBUTES = (Public, ); }; };
		3FE91FFC16A90E6C00D1238A /* scalable_malloc.h in Headers */ = {isa = PBXBuildFile; fileRef = 3FE91FFB16A90E6C00D1238A /* scalable_malloc.h */; };
		3FE91FFF16A9109E00D1238A /* bitarray.c in Sources */ = {isa = PBXBuildFile; fileRef = 3FE91FD116A90A8D00D1238A /* bitarray.c */; };
		3FE9200116A9109E00D1238A /* magazine_malloc.c in Sources */ = {isa = PBXBuildFile; fileRef = 3FE91FD616A90A8D00D1238A /* magazine_malloc.c */; };
		3FE9200216A9109E00D1238A /* magmallocProvider.d in Sources */ = {isa = PBXBuildFile; fileRef = 3FE91FD716A90A8D00D1238A /* magmallocProvider.d */; };
		3FE9200316A9109E00D1238A /* malloc.c in Sources */ = {isa = PBXBuildFile; fileRef = 3FE91FD816A90A8D00D1238A /* malloc.c */; };
		3FE9200416A9109E00D1238A /* nano_malloc.c in Sources */ = {isa = PBXBuildFile; fileRef = 3FE91FDA16A90A8D00D1238A /* nano_malloc.c */; };
		3FE9200516A9109E00D1238A /* stack_logging.c in Sources */ = {isa = PBXBuildFile; fileRef = 3FE91FDB16A90A8D00D1238A /* stack_logging.c */; };
		3FE9200616A9109E00D1238A /* stack_logging_disk.c in Sources */ = {isa = PBXBuildFile; fileRef = 3FE91FDC16A90A8D00D1238A /* stack_logging_disk.c */; };
/* End PBXBuildFile section */

/* Begin PBXContainerItemProxy section */
		3FE9201516A9111400D1238A /* PBXContainerItemProxy */ = {
			isa = PBXContainerItemProxy;
			containerPortal = 3FFC1BE516A908F800027192 /* Project object */;
			proxyType = 1;
			remoteGlobalIDString = 3FE91FFD16A9109E00D1238A;
			remoteInfo = libmalloc_eOS;
		};
		3FE9201716A9111600D1238A /* PBXContainerItemProxy */ = {
			isa = PBXContainerItemProxy;
			containerPortal = 3FFC1BE516A908F800027192 /* Project object */;
			proxyType = 1;
			remoteGlobalIDString = 3FE91FE716A90AEC00D1238A;
			remoteInfo = libsystem_malloc;
		};
/* End PBXContainerItemProxy section */

/* Begin PBXFileReference section */
		3F5732E016A9478E00EC61B4 /* stack_logging.h */ = {isa = PBXFileReference; fileEncoding = 4; lastKnownFileType = sourcecode.c.h; path = stack_logging.h; sourceTree = "<group>"; };
		3FC452FF18E4ABFE003D6A38 /* manpages.sh */ = {isa = PBXFileReference; lastKnownFileType = text.script.sh; path = manpages.sh; sourceTree = "<group>"; };
		3FE91FC916A90A8D00D1238A /* malloc.3 */ = {isa = PBXFileReference; lastKnownFileType = text; path = malloc.3; sourceTree = "<group>"; };
		3FE91FCA16A90A8D00D1238A /* malloc_size.3 */ = {isa = PBXFileReference; lastKnownFileType = text; path = malloc_size.3; sourceTree = "<group>"; };
		3FE91FCB16A90A8D00D1238A /* malloc_zone_malloc.3 */ = {isa = PBXFileReference; lastKnownFileType = text; path = malloc_zone_malloc.3; sourceTree = "<group>"; };
		3FE91FD116A90A8D00D1238A /* bitarray.c */ = {isa = PBXFileReference; lastKnownFileType = sourcecode.c.c; path = bitarray.c; sourceTree = "<group>"; };
		3FE91FD216A90A8D00D1238A /* bitarray.h */ = {isa = PBXFileReference; lastKnownFileType = sourcecode.c.h; path = bitarray.h; sourceTree = "<group>"; };
		3FE91FD616A90A8D00D1238A /* magazine_malloc.c */ = {isa = PBXFileReference; lastKnownFileType = sourcecode.c.c; path = magazine_malloc.c; sourceTree = "<group>"; tabWidth = 4; };
		3FE91FD716A90A8D00D1238A /* magmallocProvider.d */ = {isa = PBXFileReference; lastKnownFileType = sourcecode.dtrace; path = magmallocProvider.d; sourceTree = "<group>"; };
		3FE91FD816A90A8D00D1238A /* malloc.c */ = {isa = PBXFileReference; lastKnownFileType = sourcecode.c.c; path = malloc.c; sourceTree = "<group>"; };
		3FE91FD916A90A8D00D1238A /* malloc_printf.h */ = {isa = PBXFileReference; lastKnownFileType = sourcecode.c.h; path = malloc_printf.h; sourceTree = "<group>"; };
		3FE91FDA16A90A8D00D1238A /* nano_malloc.c */ = {isa = PBXFileReference; lastKnownFileType = sourcecode.c.c; path = nano_malloc.c; sourceTree = "<group>"; tabWidth = 4; };
		3FE91FDB16A90A8D00D1238A /* stack_logging.c */ = {isa = PBXFileReference; lastKnownFileType = sourcecode.c.c; path = stack_logging.c; sourceTree = "<group>"; };
		3FE91FDC16A90A8D00D1238A /* stack_logging_disk.c */ = {isa = PBXFileReference; lastKnownFileType = sourcecode.c.c; path = stack_logging_disk.c; sourceTree = "<group>"; usesTabs = 1; };
		3FE91FE016A90A8D00D1238A /* libmalloc.xcconfig */ = {isa = PBXFileReference; lastKnownFileType = text.xcconfig; path = libmalloc.xcconfig; sourceTree = "<group>"; };
		3FE91FE116A90A8D00D1238A /* libmalloc_eos.xcconfig */ = {isa = PBXFileReference; lastKnownFileType = text.xcconfig; path = libmalloc_eos.xcconfig; sourceTree = "<group>"; };
		3FE91FE316A90A8D00D1238A /* sanitise_headers.sh */ = {isa = PBXFileReference; lastKnownFileType = text.script.sh; path = sanitise_headers.sh; sourceTree = "<group>"; };
		3FE91FE816A90AEC00D1238A /* libsystem_malloc.dylib */ = {isa = PBXFileReference; explicitFileType = "compiled.mach-o.dylib"; includeInIndex = 0; path = libsystem_malloc.dylib; sourceTree = BUILT_PRODUCTS_DIR; };
		3FE91FF916A90BEF00D1238A /* malloc.h */ = {isa = PBXFileReference; fileEncoding = 4; lastKnownFileType = sourcecode.c.h; path = malloc.h; sourceTree = "<group>"; };
		3FE91FFB16A90E6C00D1238A /* scalable_malloc.h */ = {isa = PBXFileReference; fileEncoding = 4; lastKnownFileType = sourcecode.c.h; path = scalable_malloc.h; sourceTree = "<group>"; };
		3FE9201016A9109E00D1238A /* libmalloc_eOS.a */ = {isa = PBXFileReference; explicitFileType = archive.ar; includeInIndex = 0; path = libmalloc_eOS.a; sourceTree = BUILT_PRODUCTS_DIR; };
		E47677CF17A899C9007D4A00 /* malloc_internal.h */ = {isa = PBXFileReference; lastKnownFileType = sourcecode.c.h; path = malloc_internal.h; sourceTree = "<group>"; };
/* End PBXFileReference section */

/* Begin PBXFrameworksBuildPhase section */
		3FE91FE516A90AEC00D1238A /* Frameworks */ = {
			isa = PBXFrameworksBuildPhase;
			buildActionMask = 2147483647;
			files = (
			);
			runOnlyForDeploymentPostprocessing = 0;
		};
		3FE9200716A9109E00D1238A /* Frameworks */ = {
			isa = PBXFrameworksBuildPhase;
			buildActionMask = 2147483647;
			files = (
			);
			runOnlyForDeploymentPostprocessing = 0;
		};
/* End PBXFrameworksBuildPhase section */

/* Begin PBXGroup section */
		3FE91FC816A90A8D00D1238A /* man */ = {
			isa = PBXGroup;
			children = (
				3FE91FC916A90A8D00D1238A /* malloc.3 */,
				3FE91FCA16A90A8D00D1238A /* malloc_size.3 */,
				3FE91FCB16A90A8D00D1238A /* malloc_zone_malloc.3 */,
			);
			path = man;
			sourceTree = "<group>";
		};
		3FE91FCC16A90A8D00D1238A /* src */ = {
			isa = PBXGroup;
			children = (
				3FE91FD116A90A8D00D1238A /* bitarray.c */,
				3FE91FD216A90A8D00D1238A /* bitarray.h */,
				E47677CF17A899C9007D4A00 /* malloc_internal.h */,
				3FE91FD616A90A8D00D1238A /* magazine_malloc.c */,
				3FE91FD716A90A8D00D1238A /* magmallocProvider.d */,
				3FE91FD816A90A8D00D1238A /* malloc.c */,
				3FE91FD916A90A8D00D1238A /* malloc_printf.h */,
				3FE91FDA16A90A8D00D1238A /* nano_malloc.c */,
				3FE91FFB16A90E6C00D1238A /* scalable_malloc.h */,
				3FE91FDB16A90A8D00D1238A /* stack_logging.c */,
				3F5732E016A9478E00EC61B4 /* stack_logging.h */,
				3FE91FDC16A90A8D00D1238A /* stack_logging_disk.c */,
			);
			path = src;
			sourceTree = "<group>";
		};
		3FE91FDF16A90A8D00D1238A /* xcodeconfig */ = {
			isa = PBXGroup;
			children = (
				3FE91FE016A90A8D00D1238A /* libmalloc.xcconfig */,
				3FE91FE116A90A8D00D1238A /* libmalloc_eos.xcconfig */,
			);
			path = xcodeconfig;
			sourceTree = "<group>";
		};
		3FE91FE216A90A8D00D1238A /* xcodescripts */ = {
			isa = PBXGroup;
			children = (
				3FC452FF18E4ABFE003D6A38 /* manpages.sh */,
				3FE91FE316A90A8D00D1238A /* sanitise_headers.sh */,
			);
			path = xcodescripts;
			sourceTree = "<group>";
		};
		3FE91FE916A90AEC00D1238A /* Products */ = {
			isa = PBXGroup;
			children = (
				3FE91FE816A90AEC00D1238A /* libsystem_malloc.dylib */,
				3FE9201016A9109E00D1238A /* libmalloc_eOS.a */,
			);
			name = Products;
			sourceTree = "<group>";
		};
		3FE91FF716A90BEF00D1238A /* include */ = {
			isa = PBXGroup;
			children = (
				3FE91FF816A90BEF00D1238A /* malloc */,
			);
			path = include;
			sourceTree = "<group>";
		};
		3FE91FF816A90BEF00D1238A /* malloc */ = {
			isa = PBXGroup;
			children = (
				3FE91FF916A90BEF00D1238A /* malloc.h */,
			);
			path = malloc;
			sourceTree = "<group>";
		};
		3FFC1BE416A908F800027192 = {
			isa = PBXGroup;
			children = (
				3FE91FF716A90BEF00D1238A /* include */,
				3FE91FC816A90A8D00D1238A /* man */,
				3FE91FCC16A90A8D00D1238A /* src */,
				3FE91FDF16A90A8D00D1238A /* xcodeconfig */,
				3FE91FE216A90A8D00D1238A /* xcodescripts */,
				3FE91FE916A90AEC00D1238A /* Products */,
			);
			sourceTree = "<group>";
			tabWidth = 8;
			usesTabs = 1;
		};
/* End PBXGroup section */

/* Begin PBXHeadersBuildPhase section */
		3FE91FE616A90AEC00D1238A /* Headers */ = {
			isa = PBXHeadersBuildPhase;
			buildActionMask = 2147483647;
			files = (
				3FE91FFA16A90BEF00D1238A /* malloc.h in Headers */,
				3F5732E116A9478E00EC61B4 /* stack_logging.h in Headers */,
				3FE91FEE16A90B9200D1238A /* bitarray.h in Headers */,
				3FE91FF316A90B9200D1238A /* malloc_printf.h in Headers */,
				3FE91FFC16A90E6C00D1238A /* scalable_malloc.h in Headers */,
			);
			runOnlyForDeploymentPostprocessing = 0;
		};
		3FE9200816A9109E00D1238A /* Headers */ = {
			isa = PBXHeadersBuildPhase;
			buildActionMask = 2147483647;
			files = (
			);
			runOnlyForDeploymentPostprocessing = 0;
		};
/* End PBXHeadersBuildPhase section */

/* Begin PBXNativeTarget section */
		3FE91FE716A90AEC00D1238A /* libsystem_malloc */ = {
			isa = PBXNativeTarget;
			buildConfigurationList = 3FE91FEA16A90AEC00D1238A /* Build configuration list for PBXNativeTarget "libsystem_malloc" */;
			buildPhases = (
				3FE91FE416A90AEC00D1238A /* Sources */,
				3FE91FE516A90AEC00D1238A /* Frameworks */,
				3FE91FE616A90AEC00D1238A /* Headers */,
			);
			buildRules = (
			);
			dependencies = (
			);
			name = libsystem_malloc;
			productName = libmalloc;
			productReference = 3FE91FE816A90AEC00D1238A /* libsystem_malloc.dylib */;
			productType = "com.apple.product-type.library.dynamic";
		};
		3FE91FFD16A9109E00D1238A /* libmalloc_eOS */ = {
			isa = PBXNativeTarget;
			buildConfigurationList = 3FE9200D16A9109E00D1238A /* Build configuration list for PBXNativeTarget "libmalloc_eOS" */;
			buildPhases = (
				3FE91FFE16A9109E00D1238A /* Sources */,
				3FE9200716A9109E00D1238A /* Frameworks */,
				3FE9200816A9109E00D1238A /* Headers */,
			);
			buildRules = (
			);
			dependencies = (
			);
			name = libmalloc_eOS;
			productName = libmalloc;
			productReference = 3FE9201016A9109E00D1238A /* libmalloc_eOS.a */;
			productType = "com.apple.product-type.library.static";
		};
/* End PBXNativeTarget section */

/* Begin PBXProject section */
		3FFC1BE516A908F800027192 /* Project object */ = {
			isa = PBXProject;
			attributes = {
				LastUpgradeCheck = 0500;
			};
			buildConfigurationList = 3FFC1BE816A908F800027192 /* Build configuration list for PBXProject "libmalloc" */;
			compatibilityVersion = "Xcode 3.2";
			developmentRegion = English;
			hasScannedForEncodings = 0;
			knownRegions = (
				en,
			);
			mainGroup = 3FFC1BE416A908F800027192;
			productRefGroup = 3FE91FE916A90AEC00D1238A /* Products */;
			projectDirPath = "";
			projectRoot = "";
			targets = (
				3FE9201116A9111000D1238A /* libmalloc */,
				3FE91FE716A90AEC00D1238A /* libsystem_malloc */,
				3FE91FFD16A9109E00D1238A /* libmalloc_eOS */,
			);
		};
/* End PBXProject section */

/* Begin PBXShellScriptBuildPhase section */
		3FC1927C16DD946500315C26 /* Install Man Pages */ = {
			isa = PBXShellScriptBuildPhase;
			buildActionMask = 8;
			files = (
			);
			inputPaths = (
				"$(SRCROOT)/xcodescripts/manpages.sh",
			);
			name = "Install Man Pages";
			outputPaths = (
			);
			runOnlyForDeploymentPostprocessing = 1;
			shellPath = "/bin/bash -e";
			shellScript = ". \"${SCRIPT_INPUT_FILE_0}\"";
		};
		3FE9201D16A9143E00D1238A /* Sanitise Headers (rdar://problem/10241868) */ = {
			isa = PBXShellScriptBuildPhase;
			buildActionMask = 8;
			files = (
			);
			inputPaths = (
				"$(SRCROOT)/xcodescripts/sanitise_headers.sh",
			);
			name = "Sanitise Headers (rdar://problem/10241868)";
			outputPaths = (
			);
			runOnlyForDeploymentPostprocessing = 1;
			shellPath = /bin/sh;
			shellScript = ". \"${SCRIPT_INPUT_FILE_0}\"";
		};
/* End PBXShellScriptBuildPhase section */

/* Begin PBXSourcesBuildPhase section */
		3FE91FE416A90AEC00D1238A /* Sources */ = {
			isa = PBXSourcesBuildPhase;
			buildActionMask = 2147483647;
			files = (
				3FE91FED16A90B9200D1238A /* bitarray.c in Sources */,
				3FE91FF016A90B9200D1238A /* magazine_malloc.c in Sources */,
				3FE91FF116A90B9200D1238A /* magmallocProvider.d in Sources */,
				3FE91FF216A90B9200D1238A /* malloc.c in Sources */,
				3FE91FF416A90B9200D1238A /* nano_malloc.c in Sources */,
				3FE91FF516A90B9200D1238A /* stack_logging.c in Sources */,
				3FE91FF616A90B9200D1238A /* stack_logging_disk.c in Sources */,
			);
			runOnlyForDeploymentPostprocessing = 0;
		};
		3FE91FFE16A9109E00D1238A /* Sources */ = {
			isa = PBXSourcesBuildPhase;
			buildActionMask = 2147483647;
			files = (
				3FE91FFF16A9109E00D1238A /* bitarray.c in Sources */,
				3FE9200116A9109E00D1238A /* magazine_malloc.c in Sources */,
				3FE9200216A9109E00D1238A /* magmallocProvider.d in Sources */,
				3FE9200316A9109E00D1238A /* malloc.c in Sources */,
				3FE9200416A9109E00D1238A /* nano_malloc.c in Sources */,
				3FE9200516A9109E00D1238A /* stack_logging.c in Sources */,
				3FE9200616A9109E00D1238A /* stack_logging_disk.c in Sources */,
			);
			runOnlyForDeploymentPostprocessing = 0;
		};
/* End PBXSourcesBuildPhase section */

/* Begin PBXTargetDependency section */
		3FE9201616A9111400D1238A /* PBXTargetDependency */ = {
			isa = PBXTargetDependency;
			target = 3FE91FFD16A9109E00D1238A /* libmalloc_eOS */;
			targetProxy = 3FE9201516A9111400D1238A /* PBXContainerItemProxy */;
		};
		3FE9201816A9111600D1238A /* PBXTargetDependency */ = {
			isa = PBXTargetDependency;
			target = 3FE91FE716A90AEC00D1238A /* libsystem_malloc */;
			targetProxy = 3FE9201716A9111600D1238A /* PBXContainerItemProxy */;
		};
/* End PBXTargetDependency section */

/* Begin XCBuildConfiguration section */
		3FE91FEB16A90AEC00D1238A /* Debug */ = {
			isa = XCBuildConfiguration;
			baseConfigurationReference = 3FE91FE016A90A8D00D1238A /* libmalloc.xcconfig */;
			buildSettings = {
				COMBINE_HIDPI_IMAGES = YES;
			};
			name = Debug;
		};
		3FE91FEC16A90AEC00D1238A /* Release */ = {
			isa = XCBuildConfiguration;
			baseConfigurationReference = 3FE91FE016A90A8D00D1238A /* libmalloc.xcconfig */;
			buildSettings = {
				COMBINE_HIDPI_IMAGES = YES;
			};
			name = Release;
		};
		3FE9200E16A9109E00D1238A /* Debug */ = {
			isa = XCBuildConfiguration;
			baseConfigurationReference = 3FE91FE116A90A8D00D1238A /* libmalloc_eos.xcconfig */;
			buildSettings = {
				COMBINE_HIDPI_IMAGES = YES;
			};
			name = Debug;
		};
		3FE9200F16A9109E00D1238A /* Release */ = {
			isa = XCBuildConfiguration;
			baseConfigurationReference = 3FE91FE116A90A8D00D1238A /* libmalloc_eos.xcconfig */;
			buildSettings = {
				COMBINE_HIDPI_IMAGES = YES;
			};
			name = Release;
		};
		3FE9201316A9111000D1238A /* Debug */ = {
			isa = XCBuildConfiguration;
			buildSettings = {
				COMBINE_HIDPI_IMAGES = YES;
				PRODUCT_NAME = "$(TARGET_NAME)";
			};
			name = Debug;
		};
		3FE9201416A9111000D1238A /* Release */ = {
			isa = XCBuildConfiguration;
			buildSettings = {
				COMBINE_HIDPI_IMAGES = YES;
				PRODUCT_NAME = "$(TARGET_NAME)";
			};
			name = Release;
		};
		3FFC1BE916A908F800027192 /* Debug */ = {
			isa = XCBuildConfiguration;
			buildSettings = {
			};
			name = Debug;
		};
		3FFC1BEA16A908F800027192 /* Release */ = {
			isa = XCBuildConfiguration;
			buildSettings = {
			};
			name = Release;
		};
/* End XCBuildConfiguration section */

/* Begin XCConfigurationList section */
		3FE91FEA16A90AEC00D1238A /* Build configuration list for PBXNativeTarget "libsystem_malloc" */ = {
			isa = XCConfigurationList;
			buildConfigurations = (
				3FE91FEB16A90AEC00D1238A /* Debug */,
				3FE91FEC16A90AEC00D1238A /* Release */,
			);
			defaultConfigurationIsVisible = 0;
			defaultConfigurationName = Release;
		};
		3FE9200D16A9109E00D1238A /* Build configuration list for PBXNativeTarget "libmalloc_eOS" */ = {
			isa = XCConfigurationList;
			buildConfigurations = (
				3FE9200E16A9109E00D1238A /* Debug */,
				3FE9200F16A9109E00D1238A /* Release */,
			);
			defaultConfigurationIsVisible = 0;
			defaultConfigurationName = Release;
		};
		3FE9201216A9111000D1238A /* Build configuration list for PBXAggregateTarget "libmalloc" */ = {
			isa = XCConfigurationList;
			buildConfigurations = (
				3FE9201316A9111000D1238A /* Debug */,
				3FE9201416A9111000D1238A /* Release */,
			);
			defaultConfigurationIsVisible = 0;
			defaultConfigurationName = Release;
		};
		3FFC1BE816A908F800027192 /* Build configuration list for PBXProject "libmalloc" */ = {
			isa = XCConfigurationList;
			buildConfigurations = (
				3FFC1BE916A908F800027192 /* Debug */,
				3FFC1BEA16A908F800027192 /* Release */,
			);
			defaultConfigurationIsVisible = 0;
			defaultConfigurationName = Release;
		};
/* End XCConfigurationList section */
	};
	rootObject = 3FFC1BE516A908F800027192 /* Project object */;
}
